
Microsoft Visual Studio Solution File, Format Version 12.00
# Visual Studio 14
VisualStudioVersion = 14.0.25420.1
MinimumVisualStudioVersion = 10.0.40219.1
Project("{FAE04EC0-301F-11D3-BF4B-00C04F79EFBC}") = "EC", "EC\EC.csproj", "{5F873FC7-DBE4-4F2B-A03F-DE84BB7B1B56}"
	ProjectSection(ProjectDependencies) = postProject
		{2403521E-4E55-43C3-A91C-2D4454488003} = {2403521E-4E55-43C3-A91C-2D4454488003}
		{41F69955-26BE-4A77-832E-109F2D88654E} = {41F69955-26BE-4A77-832E-109F2D88654E}
	EndProjectSection
EndProject
Project("{FAE04EC0-301F-11D3-BF4B-00C04F79EFBC}") = "EC.Localization", "Localization\EC.Localization.csproj", "{2403521E-4E55-43C3-A91C-2D4454488003}"
EndProject
Project("{2150E333-8FDC-42A3-9474-1A3956D46DE8}") = "Common", "Common", "{84C380E9-D3D8-4D73-8DE1-AB174DEEF72D}"
EndProject
Project("{FAE04EC0-301F-11D3-BF4B-00C04F79EFBC}") = "Front", "Front\MvcApplication1\Front.csproj", "{F84ECA69-14F3-47D1-AA4B-324B6ECEACEE}"
EndProject
Project("{FAE04EC0-301F-11D3-BF4B-00C04F79EFBC}") = "EC.Common.Util", "EC.Common.Util\EC.Common.Util.csproj", "{60F0F82E-FA76-4279-B980-21614256DAFB}"
EndProject
Project("{2150E333-8FDC-42A3-9474-1A3956D46DE8}") = "Framework", "Framework", "{75ED5F77-5E36-4625-9DEE-52B0E3D36AD4}"
EndProject
Project("{FAE04EC0-301F-11D3-BF4B-00C04F79EFBC}") = "EC.Framework.Timezone", "EC.Framework.Timezone\EC.Framework.Timezone.csproj", "{0F6191B7-E3E1-44C9-B5B0-1149EB69459A}"
EndProject
Project("{FAE04EC0-301F-11D3-BF4B-00C04F79EFBC}") = "EC.Framework.Logger", "EC.Framework.Logger\EC.Framework.Logger.csproj", "{2303F1F0-96A9-4958-AC53-9822ADFB0467}"
EndProject
Project("{2150E333-8FDC-42A3-9474-1A3956D46DE8}") = "Business", "Business", "{42ECF568-8D1E-4669-9397-20004471C326}"
EndProject
Project("{FAE04EC0-301F-11D3-BF4B-00C04F79EFBC}") = "EC.Business", "EC.Business\EC.Business.csproj", "{41F69955-26BE-4A77-832E-109F2D88654E}"
EndProject
Project("{FAE04EC0-301F-11D3-BF4B-00C04F79EFBC}") = "EC.Common.Base", "EC.Common.Base\EC.Common.Base.csproj", "{EECE5E11-2F95-4F21-B108-5C6D12DC5603}"
EndProject
Project("{FAE04EC0-301F-11D3-BF4B-00C04F79EFBC}") = "EC.Constants", "EC.Constants\EC.Constants.csproj", "{F9BD7E38-DB60-47DD-A9F3-1BF488708A06}"
EndProject
Project("{FAE04EC0-301F-11D3-BF4B-00C04F79EFBC}") = "EC.Errors", "EC.Errors\EC.Errors.csproj", "{A84CFBFD-9BCD-423A-B8F8-8175C0EA93EF}"
EndProject
Project("{FAE04EC0-301F-11D3-BF4B-00C04F79EFBC}") = "EC.Common.Interfaces.Persistence", "EC.Common.Interfaces.Persistence\EC.Common.Interfaces.Persistence.csproj", "{1B23955F-9462-4AF6-B69F-17576CB28F67}"
EndProject
Project("{FAE04EC0-301F-11D3-BF4B-00C04F79EFBC}") = "ECVersion", "ECVersion\ECVersion.csproj", "{513CCC7B-B124-47C7-B86D-668CE6A4547A}"
EndProject
Project("{FAE04EC0-301F-11D3-BF4B-00C04F79EFBC}") = "EC.Model.Interfaces", "EC.Model.Interfaces\EC.Model.Interfaces.csproj", "{0E38125A-C76E-4CB3-B9E1-1339B55E0A86}"
EndProject
Project("{FAE04EC0-301F-11D3-BF4B-00C04F79EFBC}") = "EC.Model.Impl", "EC.Model.Impl\EC.Model.Impl.csproj", "{FF040D47-BD8A-4C3C-A285-0D6F2F11754C}"
EndProject
Project("{FAE04EC0-301F-11D3-BF4B-00C04F79EFBC}") = "EC.Core.Common", "EC.Core.Common\EC.Core.Common.csproj", "{A6DC770D-89C5-483B-B73C-077DF5C7FEFE}"
EndProject
Project("{FAE04EC0-301F-11D3-BF4B-00C04F79EFBC}") = "EC.Common.Interfaces", "EC.Common.Interfaces\EC.Common.Interfaces.csproj", "{1B096EDD-7575-4BBB-A93B-DEB482ACFBCD}"
EndProject
Project("{2150E333-8FDC-42A3-9474-1A3956D46DE8}") = "ServicesExternal", "ServicesExternal", "{F1E0D3DD-D579-4C0A-ABE6-0E657BA2252F}"
EndProject
Project("{FAE04EC0-301F-11D3-BF4B-00C04F79EFBC}") = "ServicesExternalEmail", "ServicesExternalEmail\ServicesExternalEmail.csproj", "{246DAF23-7233-4619-AEC6-ED96E253690D}"
EndProject
Project("{FAE04EC0-301F-11D3-BF4B-00C04F79EFBC}") = "BeanStream", "BeanStream\BeanStream.csproj", "{93D23C6D-54F6-4886-9C0B-6B70295EABE2}"
EndProject
Project("{2150E333-8FDC-42A3-9474-1A3956D46DE8}") = "Web", "Web", "{E42AF7E8-1BE7-48F8-80C5-79568AA6AB27}"
EndProject
Project("{2150E333-8FDC-42A3-9474-1A3956D46DE8}") = "Data", "Data", "{A8AE4AA1-BC05-4737-8AF7-2C3B21BCEB1B}"
EndProject
Project("{FAE04EC0-301F-11D3-BF4B-00C04F79EFBC}") = "EC.Data", "EC.Data\EC.Data.csproj", "{271BF14D-F3DD-4D0B-8FBE-E2C22E9F769C}"
EndProject
Project("{FAE04EC0-301F-11D3-BF4B-00C04F79EFBC}") = "EC.COM", "EC.COM\EC.COM.csproj", "{52548FE2-40FC-4F71-B29C-28E794F91BAF}"
EndProject
Project("{FAE04EC0-301F-11D3-BF4B-00C04F79EFBC}") = "EC.Windows.Task.Scheduler", "EC.Windows.Task.Scheduler\EC.Windows.Task.Scheduler.csproj", "{F82CFE37-64A3-4DCA-A840-B98F276BE058}"
EndProject
Global
	GlobalSection(SolutionConfigurationPlatforms) = preSolution
		Debug|Any CPU = Debug|Any CPU
		Release|Any CPU = Release|Any CPU
	EndGlobalSection
	GlobalSection(ProjectConfigurationPlatforms) = postSolution
		{5F873FC7-DBE4-4F2B-A03F-DE84BB7B1B56}.Debug|Any CPU.ActiveCfg = Debug|Any CPU
		{5F873FC7-DBE4-4F2B-A03F-DE84BB7B1B56}.Debug|Any CPU.Build.0 = Debug|Any CPU
		{5F873FC7-DBE4-4F2B-A03F-DE84BB7B1B56}.Release|Any CPU.ActiveCfg = Release|Any CPU
		{5F873FC7-DBE4-4F2B-A03F-DE84BB7B1B56}.Release|Any CPU.Build.0 = Release|Any CPU
		{2403521E-4E55-43C3-A91C-2D4454488003}.Debug|Any CPU.ActiveCfg = Debug|Any CPU
		{2403521E-4E55-43C3-A91C-2D4454488003}.Debug|Any CPU.Build.0 = Debug|Any CPU
		{2403521E-4E55-43C3-A91C-2D4454488003}.Release|Any CPU.ActiveCfg = Release|Any CPU
		{2403521E-4E55-43C3-A91C-2D4454488003}.Release|Any CPU.Build.0 = Release|Any CPU
		{F84ECA69-14F3-47D1-AA4B-324B6ECEACEE}.Debug|Any CPU.ActiveCfg = Debug|Any CPU
		{F84ECA69-14F3-47D1-AA4B-324B6ECEACEE}.Debug|Any CPU.Build.0 = Debug|Any CPU
		{F84ECA69-14F3-47D1-AA4B-324B6ECEACEE}.Release|Any CPU.ActiveCfg = Release|Any CPU
		{F84ECA69-14F3-47D1-AA4B-324B6ECEACEE}.Release|Any CPU.Build.0 = Release|Any CPU
		{60F0F82E-FA76-4279-B980-21614256DAFB}.Debug|Any CPU.ActiveCfg = Debug|Any CPU
		{60F0F82E-FA76-4279-B980-21614256DAFB}.Debug|Any CPU.Build.0 = Debug|Any CPU
		{60F0F82E-FA76-4279-B980-21614256DAFB}.Release|Any CPU.ActiveCfg = Release|Any CPU
		{60F0F82E-FA76-4279-B980-21614256DAFB}.Release|Any CPU.Build.0 = Release|Any CPU
		{0F6191B7-E3E1-44C9-B5B0-1149EB69459A}.Debug|Any CPU.ActiveCfg = Debug|Any CPU
		{0F6191B7-E3E1-44C9-B5B0-1149EB69459A}.Debug|Any CPU.Build.0 = Debug|Any CPU
		{0F6191B7-E3E1-44C9-B5B0-1149EB69459A}.Release|Any CPU.ActiveCfg = Release|Any CPU
		{0F6191B7-E3E1-44C9-B5B0-1149EB69459A}.Release|Any CPU.Build.0 = Release|Any CPU
		{2303F1F0-96A9-4958-AC53-9822ADFB0467}.Debug|Any CPU.ActiveCfg = Debug|Any CPU
		{2303F1F0-96A9-4958-AC53-9822ADFB0467}.Debug|Any CPU.Build.0 = Debug|Any CPU
		{2303F1F0-96A9-4958-AC53-9822ADFB0467}.Release|Any CPU.ActiveCfg = Release|Any CPU
		{2303F1F0-96A9-4958-AC53-9822ADFB0467}.Release|Any CPU.Build.0 = Release|Any CPU
		{41F69955-26BE-4A77-832E-109F2D88654E}.Debug|Any CPU.ActiveCfg = Debug|Any CPU
		{41F69955-26BE-4A77-832E-109F2D88654E}.Debug|Any CPU.Build.0 = Debug|Any CPU
		{41F69955-26BE-4A77-832E-109F2D88654E}.Release|Any CPU.ActiveCfg = Release|Any CPU
		{41F69955-26BE-4A77-832E-109F2D88654E}.Release|Any CPU.Build.0 = Release|Any CPU
		{EECE5E11-2F95-4F21-B108-5C6D12DC5603}.Debug|Any CPU.ActiveCfg = Debug|Any CPU
		{EECE5E11-2F95-4F21-B108-5C6D12DC5603}.Debug|Any CPU.Build.0 = Debug|Any CPU
		{EECE5E11-2F95-4F21-B108-5C6D12DC5603}.Release|Any CPU.ActiveCfg = Release|Any CPU
		{EECE5E11-2F95-4F21-B108-5C6D12DC5603}.Release|Any CPU.Build.0 = Release|Any CPU
		{F9BD7E38-DB60-47DD-A9F3-1BF488708A06}.Debug|Any CPU.ActiveCfg = Debug|Any CPU
		{F9BD7E38-DB60-47DD-A9F3-1BF488708A06}.Debug|Any CPU.Build.0 = Debug|Any CPU
		{F9BD7E38-DB60-47DD-A9F3-1BF488708A06}.Release|Any CPU.ActiveCfg = Release|Any CPU
		{F9BD7E38-DB60-47DD-A9F3-1BF488708A06}.Release|Any CPU.Build.0 = Release|Any CPU
		{A84CFBFD-9BCD-423A-B8F8-8175C0EA93EF}.Debug|Any CPU.ActiveCfg = Debug|Any CPU
		{A84CFBFD-9BCD-423A-B8F8-8175C0EA93EF}.Debug|Any CPU.Build.0 = Debug|Any CPU
		{A84CFBFD-9BCD-423A-B8F8-8175C0EA93EF}.Release|Any CPU.ActiveCfg = Release|Any CPU
		{A84CFBFD-9BCD-423A-B8F8-8175C0EA93EF}.Release|Any CPU.Build.0 = Release|Any CPU
		{1B23955F-9462-4AF6-B69F-17576CB28F67}.Debug|Any CPU.ActiveCfg = Debug|Any CPU
		{1B23955F-9462-4AF6-B69F-17576CB28F67}.Debug|Any CPU.Build.0 = Debug|Any CPU
		{1B23955F-9462-4AF6-B69F-17576CB28F67}.Release|Any CPU.ActiveCfg = Release|Any CPU
		{1B23955F-9462-4AF6-B69F-17576CB28F67}.Release|Any CPU.Build.0 = Release|Any CPU
		{513CCC7B-B124-47C7-B86D-668CE6A4547A}.Debug|Any CPU.ActiveCfg = Debug|Any CPU
		{513CCC7B-B124-47C7-B86D-668CE6A4547A}.Debug|Any CPU.Build.0 = Debug|Any CPU
		{513CCC7B-B124-47C7-B86D-668CE6A4547A}.Release|Any CPU.ActiveCfg = Release|Any CPU
		{513CCC7B-B124-47C7-B86D-668CE6A4547A}.Release|Any CPU.Build.0 = Release|Any CPU
		{0E38125A-C76E-4CB3-B9E1-1339B55E0A86}.Debug|Any CPU.ActiveCfg = Debug|Any CPU
		{0E38125A-C76E-4CB3-B9E1-1339B55E0A86}.Debug|Any CPU.Build.0 = Debug|Any CPU
		{0E38125A-C76E-4CB3-B9E1-1339B55E0A86}.Release|Any CPU.ActiveCfg = Release|Any CPU
		{0E38125A-C76E-4CB3-B9E1-1339B55E0A86}.Release|Any CPU.Build.0 = Release|Any CPU
		{FF040D47-BD8A-4C3C-A285-0D6F2F11754C}.Debug|Any CPU.ActiveCfg = Debug|Any CPU
		{FF040D47-BD8A-4C3C-A285-0D6F2F11754C}.Debug|Any CPU.Build.0 = Debug|Any CPU
		{FF040D47-BD8A-4C3C-A285-0D6F2F11754C}.Release|Any CPU.ActiveCfg = Release|Any CPU
		{FF040D47-BD8A-4C3C-A285-0D6F2F11754C}.Release|Any CPU.Build.0 = Release|Any CPU
		{A6DC770D-89C5-483B-B73C-077DF5C7FEFE}.Debug|Any CPU.ActiveCfg = Debug|Any CPU
		{A6DC770D-89C5-483B-B73C-077DF5C7FEFE}.Debug|Any CPU.Build.0 = Debug|Any CPU
		{A6DC770D-89C5-483B-B73C-077DF5C7FEFE}.Release|Any CPU.ActiveCfg = Release|Any CPU
		{A6DC770D-89C5-483B-B73C-077DF5C7FEFE}.Release|Any CPU.Build.0 = Release|Any CPU
		{1B096EDD-7575-4BBB-A93B-DEB482ACFBCD}.Debug|Any CPU.ActiveCfg = Debug|Any CPU
		{1B096EDD-7575-4BBB-A93B-DEB482ACFBCD}.Debug|Any CPU.Build.0 = Debug|Any CPU
		{1B096EDD-7575-4BBB-A93B-DEB482ACFBCD}.Release|Any CPU.ActiveCfg = Release|Any CPU
		{1B096EDD-7575-4BBB-A93B-DEB482ACFBCD}.Release|Any CPU.Build.0 = Release|Any CPU
		{246DAF23-7233-4619-AEC6-ED96E253690D}.Debug|Any CPU.ActiveCfg = Debug|Any CPU
		{246DAF23-7233-4619-AEC6-ED96E253690D}.Debug|Any CPU.Build.0 = Debug|Any CPU
		{246DAF23-7233-4619-AEC6-ED96E253690D}.Release|Any CPU.ActiveCfg = Release|Any CPU
		{246DAF23-7233-4619-AEC6-ED96E253690D}.Release|Any CPU.Build.0 = Release|Any CPU
		{93D23C6D-54F6-4886-9C0B-6B70295EABE2}.Debug|Any CPU.ActiveCfg = Debug|Any CPU
		{93D23C6D-54F6-4886-9C0B-6B70295EABE2}.Debug|Any CPU.Build.0 = Debug|Any CPU
		{93D23C6D-54F6-4886-9C0B-6B70295EABE2}.Release|Any CPU.ActiveCfg = Release|Any CPU
		{93D23C6D-54F6-4886-9C0B-6B70295EABE2}.Release|Any CPU.Build.0 = Release|Any CPU
		{271BF14D-F3DD-4D0B-8FBE-E2C22E9F769C}.Debug|Any CPU.ActiveCfg = Debug|Any CPU
		{271BF14D-F3DD-4D0B-8FBE-E2C22E9F769C}.Debug|Any CPU.Build.0 = Debug|Any CPU
		{271BF14D-F3DD-4D0B-8FBE-E2C22E9F769C}.Release|Any CPU.ActiveCfg = Release|Any CPU
		{271BF14D-F3DD-4D0B-8FBE-E2C22E9F769C}.Release|Any CPU.Build.0 = Release|Any CPU
		{52548FE2-40FC-4F71-B29C-28E794F91BAF}.Debug|Any CPU.ActiveCfg = Debug|Any CPU
		{52548FE2-40FC-4F71-B29C-28E794F91BAF}.Debug|Any CPU.Build.0 = Debug|Any CPU
		{52548FE2-40FC-4F71-B29C-28E794F91BAF}.Release|Any CPU.ActiveCfg = Release|Any CPU
		{52548FE2-40FC-4F71-B29C-28E794F91BAF}.Release|Any CPU.Build.0 = Release|Any CPU
		{F82CFE37-64A3-4DCA-A840-B98F276BE058}.Debug|Any CPU.ActiveCfg = Debug|Any CPU
		{F82CFE37-64A3-4DCA-A840-B98F276BE058}.Debug|Any CPU.Build.0 = Debug|Any CPU
		{F82CFE37-64A3-4DCA-A840-B98F276BE058}.Release|Any CPU.ActiveCfg = Release|Any CPU
		{F82CFE37-64A3-4DCA-A840-B98F276BE058}.Release|Any CPU.Build.0 = Release|Any CPU
	EndGlobalSection
	GlobalSection(SolutionProperties) = preSolution
		HideSolutionNode = FALSE
	EndGlobalSection
	GlobalSection(NestedProjects) = preSolution
		{5F873FC7-DBE4-4F2B-A03F-DE84BB7B1B56} = {E42AF7E8-1BE7-48F8-80C5-79568AA6AB27}
		{2403521E-4E55-43C3-A91C-2D4454488003} = {84C380E9-D3D8-4D73-8DE1-AB174DEEF72D}
		{F84ECA69-14F3-47D1-AA4B-324B6ECEACEE} = {E42AF7E8-1BE7-48F8-80C5-79568AA6AB27}
		{60F0F82E-FA76-4279-B980-21614256DAFB} = {84C380E9-D3D8-4D73-8DE1-AB174DEEF72D}
		{0F6191B7-E3E1-44C9-B5B0-1149EB69459A} = {75ED5F77-5E36-4625-9DEE-52B0E3D36AD4}
		{2303F1F0-96A9-4958-AC53-9822ADFB0467} = {75ED5F77-5E36-4625-9DEE-52B0E3D36AD4}
		{41F69955-26BE-4A77-832E-109F2D88654E} = {42ECF568-8D1E-4669-9397-20004471C326}
		{EECE5E11-2F95-4F21-B108-5C6D12DC5603} = {84C380E9-D3D8-4D73-8DE1-AB174DEEF72D}
		{F9BD7E38-DB60-47DD-A9F3-1BF488708A06} = {84C380E9-D3D8-4D73-8DE1-AB174DEEF72D}
		{A84CFBFD-9BCD-423A-B8F8-8175C0EA93EF} = {84C380E9-D3D8-4D73-8DE1-AB174DEEF72D}
		{1B23955F-9462-4AF6-B69F-17576CB28F67} = {84C380E9-D3D8-4D73-8DE1-AB174DEEF72D}
		{513CCC7B-B124-47C7-B86D-668CE6A4547A} = {84C380E9-D3D8-4D73-8DE1-AB174DEEF72D}
		{0E38125A-C76E-4CB3-B9E1-1339B55E0A86} = {42ECF568-8D1E-4669-9397-20004471C326}
		{FF040D47-BD8A-4C3C-A285-0D6F2F11754C} = {42ECF568-8D1E-4669-9397-20004471C326}
		{A6DC770D-89C5-483B-B73C-077DF5C7FEFE} = {84C380E9-D3D8-4D73-8DE1-AB174DEEF72D}
		{1B096EDD-7575-4BBB-A93B-DEB482ACFBCD} = {84C380E9-D3D8-4D73-8DE1-AB174DEEF72D}
		{246DAF23-7233-4619-AEC6-ED96E253690D} = {F1E0D3DD-D579-4C0A-ABE6-0E657BA2252F}
		{93D23C6D-54F6-4886-9C0B-6B70295EABE2} = {42ECF568-8D1E-4669-9397-20004471C326}
		{271BF14D-F3DD-4D0B-8FBE-E2C22E9F769C} = {A8AE4AA1-BC05-4737-8AF7-2C3B21BCEB1B}
		{52548FE2-40FC-4F71-B29C-28E794F91BAF} = {E42AF7E8-1BE7-48F8-80C5-79568AA6AB27}
		{F82CFE37-64A3-4DCA-A840-B98F276BE058} = {F1E0D3DD-D579-4C0A-ABE6-0E657BA2252F}
	EndGlobalSection
EndGlobal
