
Microsoft Visual Studio Solution File, Format Version 12.00
# Visual Studio 2013
VisualStudioVersion = 12.0.31101.0
MinimumVisualStudioVersion = 10.0.40219.1
Project("{FAE04EC0-301F-11D3-BF4B-00C04F79EFBC}") = "EC", "EC\EC.csproj", "{5F873FC7-DBE4-4F2B-A03F-DE84BB7B1B56}"
	ProjectSection(ProjectDependencies) = postProject
		{2403521E-4E55-43C3-A91C-2D4454488003} = {2403521E-4E55-43C3-A91C-2D4454488003}
		{41F69955-26BE-4A77-832E-109F2D88654E} = {41F69955-26BE-4A77-832E-109F2D88654E}
	EndProjectSection
EndProject
Project("{FAE04EC0-301F-11D3-BF4B-00C04F79EFBC}") = "EC.Localization", "Localization\EC.Localization.csproj", "{2403521E-4E55-43C3-A91C-2D4454488003}"
EndProject
Project("{2150E333-8FDC-42A3-9474-1A3956D46DE8}") = "Common", "Common", "{84C380E9-D3D8-4D73-8DE1-AB174DEEF72D}"
EndProject
Project("{FAE04EC0-301F-11D3-BF4B-00C04F79EFBC}") = "Front", "Front\MvcApplication1\Front.csproj", "{F84ECA69-14F3-47D1-AA4B-324B6ECEACEE}"
EndProject
Project("{FAE04EC0-301F-11D3-BF4B-00C04F79EFBC}") = "EC.Common.Util", "EC.Common.Util\EC.Common.Util.csproj", "{60F0F82E-FA76-4279-B980-21614256DAFB}"
EndProject
Project("{FAE04EC0-301F-11D3-BF4B-00C04F79EFBC}") = "EC.Library", "EC.Library\EC.Library.csproj", "{16B0566B-3F43-442D-A864-9C8D4034A75B}"
EndProject
Project("{2150E333-8FDC-42A3-9474-1A3956D46DE8}") = "Framework", "Framework", "{75ED5F77-5E36-4625-9DEE-52B0E3D36AD4}"
EndProject
Project("{FAE04EC0-301F-11D3-BF4B-00C04F79EFBC}") = "EC.Framework.Timezone", "EC.Framework.Timezone\EC.Framework.Timezone.csproj", "{0F6191B7-E3E1-44C9-B5B0-1149EB69459A}"
EndProject
Project("{FAE04EC0-301F-11D3-BF4B-00C04F79EFBC}") = "EC.Framework.Logger", "EC.Framework.Logger\EC.Framework.Logger.csproj", "{2303F1F0-96A9-4958-AC53-9822ADFB0467}"
EndProject
Project("{FAE04EC0-301F-11D3-BF4B-00C04F79EFBC}") = "EC.Common", "EC.Common\EC.Common.csproj", "{ED0084CA-4544-487F-96E1-215C5CD2BAC2}"
EndProject
Project("{FAE04EC0-301F-11D3-BF4B-00C04F79EFBC}") = "EC.Framework.Data", "EC.Framework.Data\EC.Framework.Data.csproj", "{3F2CCC07-70BD-4DC9-89FA-DACCB1C73A86}"
EndProject
Project("{FAE04EC0-301F-11D3-BF4B-00C04F79EFBC}") = "EC.Framework.Data.Util", "EC.Framework.Data.Util\EC.Framework.Data.Util.csproj", "{C7573CB1-0E71-48DB-9238-52C1807F7825}"
EndProject
Project("{FAE04EC0-301F-11D3-BF4B-00C04F79EFBC}") = "EC.Framework.Dynamic", "EC.Framework.Dynamic\EC.Framework.Dynamic.csproj", "{1E745894-357B-4C25-A4D4-E5EE1589EB1A}"
EndProject
Project("{FAE04EC0-301F-11D3-BF4B-00C04F79EFBC}") = "EC.Framework.Email", "EC.Framework.Email\EC.Framework.Email.csproj", "{F17C0764-8C0B-4290-B7C3-E647CE65E96F}"
EndProject
Project("{2150E333-8FDC-42A3-9474-1A3956D46DE8}") = "Business", "Business", "{42ECF568-8D1E-4669-9397-20004471C326}"
EndProject
Project("{FAE04EC0-301F-11D3-BF4B-00C04F79EFBC}") = "EC.Business", "EC.Business\EC.Business.csproj", "{41F69955-26BE-4A77-832E-109F2D88654E}"
EndProject
Global
	GlobalSection(SolutionConfigurationPlatforms) = preSolution
		Debug|Any CPU = Debug|Any CPU
		Release|Any CPU = Release|Any CPU
	EndGlobalSection
	GlobalSection(ProjectConfigurationPlatforms) = postSolution
		{5F873FC7-DBE4-4F2B-A03F-DE84BB7B1B56}.Debug|Any CPU.ActiveCfg = Debug|Any CPU
		{5F873FC7-DBE4-4F2B-A03F-DE84BB7B1B56}.Debug|Any CPU.Build.0 = Debug|Any CPU
		{5F873FC7-DBE4-4F2B-A03F-DE84BB7B1B56}.Release|Any CPU.ActiveCfg = Release|Any CPU
		{5F873FC7-DBE4-4F2B-A03F-DE84BB7B1B56}.Release|Any CPU.Build.0 = Release|Any CPU
		{2403521E-4E55-43C3-A91C-2D4454488003}.Debug|Any CPU.ActiveCfg = Debug|Any CPU
		{2403521E-4E55-43C3-A91C-2D4454488003}.Debug|Any CPU.Build.0 = Debug|Any CPU
		{2403521E-4E55-43C3-A91C-2D4454488003}.Release|Any CPU.ActiveCfg = Release|Any CPU
		{2403521E-4E55-43C3-A91C-2D4454488003}.Release|Any CPU.Build.0 = Release|Any CPU
		{F84ECA69-14F3-47D1-AA4B-324B6ECEACEE}.Debug|Any CPU.ActiveCfg = Debug|Any CPU
		{F84ECA69-14F3-47D1-AA4B-324B6ECEACEE}.Debug|Any CPU.Build.0 = Debug|Any CPU
		{F84ECA69-14F3-47D1-AA4B-324B6ECEACEE}.Release|Any CPU.ActiveCfg = Release|Any CPU
		{F84ECA69-14F3-47D1-AA4B-324B6ECEACEE}.Release|Any CPU.Build.0 = Release|Any CPU
		{60F0F82E-FA76-4279-B980-21614256DAFB}.Debug|Any CPU.ActiveCfg = Debug|Any CPU
		{60F0F82E-FA76-4279-B980-21614256DAFB}.Debug|Any CPU.Build.0 = Debug|Any CPU
		{60F0F82E-FA76-4279-B980-21614256DAFB}.Release|Any CPU.ActiveCfg = Release|Any CPU
		{60F0F82E-FA76-4279-B980-21614256DAFB}.Release|Any CPU.Build.0 = Release|Any CPU
		{16B0566B-3F43-442D-A864-9C8D4034A75B}.Debug|Any CPU.ActiveCfg = Debug|Any CPU
		{16B0566B-3F43-442D-A864-9C8D4034A75B}.Debug|Any CPU.Build.0 = Debug|Any CPU
		{16B0566B-3F43-442D-A864-9C8D4034A75B}.Release|Any CPU.ActiveCfg = Release|Any CPU
		{16B0566B-3F43-442D-A864-9C8D4034A75B}.Release|Any CPU.Build.0 = Release|Any CPU
		{0F6191B7-E3E1-44C9-B5B0-1149EB69459A}.Debug|Any CPU.ActiveCfg = Debug|Any CPU
		{0F6191B7-E3E1-44C9-B5B0-1149EB69459A}.Debug|Any CPU.Build.0 = Debug|Any CPU
		{0F6191B7-E3E1-44C9-B5B0-1149EB69459A}.Release|Any CPU.ActiveCfg = Release|Any CPU
		{0F6191B7-E3E1-44C9-B5B0-1149EB69459A}.Release|Any CPU.Build.0 = Release|Any CPU
		{2303F1F0-96A9-4958-AC53-9822ADFB0467}.Debug|Any CPU.ActiveCfg = Debug|Any CPU
		{2303F1F0-96A9-4958-AC53-9822ADFB0467}.Debug|Any CPU.Build.0 = Debug|Any CPU
		{2303F1F0-96A9-4958-AC53-9822ADFB0467}.Release|Any CPU.ActiveCfg = Release|Any CPU
		{2303F1F0-96A9-4958-AC53-9822ADFB0467}.Release|Any CPU.Build.0 = Release|Any CPU
		{ED0084CA-4544-487F-96E1-215C5CD2BAC2}.Debug|Any CPU.ActiveCfg = Debug|Any CPU
		{ED0084CA-4544-487F-96E1-215C5CD2BAC2}.Debug|Any CPU.Build.0 = Debug|Any CPU
		{ED0084CA-4544-487F-96E1-215C5CD2BAC2}.Release|Any CPU.ActiveCfg = Release|Any CPU
		{ED0084CA-4544-487F-96E1-215C5CD2BAC2}.Release|Any CPU.Build.0 = Release|Any CPU
		{3F2CCC07-70BD-4DC9-89FA-DACCB1C73A86}.Debug|Any CPU.ActiveCfg = Debug|Any CPU
		{3F2CCC07-70BD-4DC9-89FA-DACCB1C73A86}.Debug|Any CPU.Build.0 = Debug|Any CPU
		{3F2CCC07-70BD-4DC9-89FA-DACCB1C73A86}.Release|Any CPU.ActiveCfg = Release|Any CPU
		{3F2CCC07-70BD-4DC9-89FA-DACCB1C73A86}.Release|Any CPU.Build.0 = Release|Any CPU
		{C7573CB1-0E71-48DB-9238-52C1807F7825}.Debug|Any CPU.ActiveCfg = Debug|Any CPU
		{C7573CB1-0E71-48DB-9238-52C1807F7825}.Debug|Any CPU.Build.0 = Debug|Any CPU
		{C7573CB1-0E71-48DB-9238-52C1807F7825}.Release|Any CPU.ActiveCfg = Release|Any CPU
		{C7573CB1-0E71-48DB-9238-52C1807F7825}.Release|Any CPU.Build.0 = Release|Any CPU
		{1E745894-357B-4C25-A4D4-E5EE1589EB1A}.Debug|Any CPU.ActiveCfg = Debug|Any CPU
		{1E745894-357B-4C25-A4D4-E5EE1589EB1A}.Debug|Any CPU.Build.0 = Debug|Any CPU
		{1E745894-357B-4C25-A4D4-E5EE1589EB1A}.Release|Any CPU.ActiveCfg = Release|Any CPU
		{1E745894-357B-4C25-A4D4-E5EE1589EB1A}.Release|Any CPU.Build.0 = Release|Any CPU
		{F17C0764-8C0B-4290-B7C3-E647CE65E96F}.Debug|Any CPU.ActiveCfg = Debug|Any CPU
		{F17C0764-8C0B-4290-B7C3-E647CE65E96F}.Debug|Any CPU.Build.0 = Debug|Any CPU
		{F17C0764-8C0B-4290-B7C3-E647CE65E96F}.Release|Any CPU.ActiveCfg = Release|Any CPU
		{F17C0764-8C0B-4290-B7C3-E647CE65E96F}.Release|Any CPU.Build.0 = Release|Any CPU
		{41F69955-26BE-4A77-832E-109F2D88654E}.Debug|Any CPU.ActiveCfg = Debug|Any CPU
		{41F69955-26BE-4A77-832E-109F2D88654E}.Debug|Any CPU.Build.0 = Debug|Any CPU
		{41F69955-26BE-4A77-832E-109F2D88654E}.Release|Any CPU.ActiveCfg = Release|Any CPU
		{41F69955-26BE-4A77-832E-109F2D88654E}.Release|Any CPU.Build.0 = Release|Any CPU
	EndGlobalSection
	GlobalSection(SolutionProperties) = preSolution
		HideSolutionNode = FALSE
	EndGlobalSection
	GlobalSection(NestedProjects) = preSolution
		{2403521E-4E55-43C3-A91C-2D4454488003} = {84C380E9-D3D8-4D73-8DE1-AB174DEEF72D}
		{60F0F82E-FA76-4279-B980-21614256DAFB} = {84C380E9-D3D8-4D73-8DE1-AB174DEEF72D}
		{16B0566B-3F43-442D-A864-9C8D4034A75B} = {84C380E9-D3D8-4D73-8DE1-AB174DEEF72D}
		{0F6191B7-E3E1-44C9-B5B0-1149EB69459A} = {75ED5F77-5E36-4625-9DEE-52B0E3D36AD4}
		{2303F1F0-96A9-4958-AC53-9822ADFB0467} = {75ED5F77-5E36-4625-9DEE-52B0E3D36AD4}
		{ED0084CA-4544-487F-96E1-215C5CD2BAC2} = {84C380E9-D3D8-4D73-8DE1-AB174DEEF72D}
		{3F2CCC07-70BD-4DC9-89FA-DACCB1C73A86} = {75ED5F77-5E36-4625-9DEE-52B0E3D36AD4}
		{C7573CB1-0E71-48DB-9238-52C1807F7825} = {75ED5F77-5E36-4625-9DEE-52B0E3D36AD4}
		{1E745894-357B-4C25-A4D4-E5EE1589EB1A} = {75ED5F77-5E36-4625-9DEE-52B0E3D36AD4}
		{F17C0764-8C0B-4290-B7C3-E647CE65E96F} = {75ED5F77-5E36-4625-9DEE-52B0E3D36AD4}
		{41F69955-26BE-4A77-832E-109F2D88654E} = {42ECF568-8D1E-4669-9397-20004471C326}
	EndGlobalSection
EndGlobal
